
Microsoft Visual Studio Solution File, Format Version 12.00
# Visual Studio Version 17
VisualStudioVersion = 17.1.32421.90
MinimumVisualStudioVersion = 10.0.40219.1
Project("{FAE04EC0-301F-11D3-BF4B-00C04F79EFBC}") = "MedidoresWeb", "MedidoresWeb\MedidoresWeb.csproj", "{8A02A287-37C4-4981-9122-F26876B84B1B}"
EndProject
Project("{FAE04EC0-301F-11D3-BF4B-00C04F79EFBC}") = "MedidorModel", "MedidoresModel\MedidorModel.csproj", "{78674618-D0EE-46CC-8290-CA8398B3639F}"
EndProject
Global
	GlobalSection(SolutionConfigurationPlatforms) = preSolution
		Debug|Any CPU = Debug|Any CPU
		Release|Any CPU = Release|Any CPU
	EndGlobalSection
	GlobalSection(ProjectConfigurationPlatforms) = postSolution
		{8A02A287-37C4-4981-9122-F26876B84B1B}.Debug|Any CPU.ActiveCfg = Debug|Any CPU
		{8A02A287-37C4-4981-9122-F26876B84B1B}.Debug|Any CPU.Build.0 = Debug|Any CPU
		{8A02A287-37C4-4981-9122-F26876B84B1B}.Release|Any CPU.ActiveCfg = Release|Any CPU
		{8A02A287-37C4-4981-9122-F26876B84B1B}.Release|Any CPU.Build.0 = Release|Any CPU
		{78674618-D0EE-46CC-8290-CA8398B3639F}.Debug|Any CPU.ActiveCfg = Debug|Any CPU
		{78674618-D0EE-46CC-8290-CA8398B3639F}.Debug|Any CPU.Build.0 = Debug|Any CPU
		{78674618-D0EE-46CC-8290-CA8398B3639F}.Release|Any CPU.ActiveCfg = Release|Any CPU
		{78674618-D0EE-46CC-8290-CA8398B3639F}.Release|Any CPU.Build.0 = Release|Any CPU
	EndGlobalSection
	GlobalSection(SolutionProperties) = preSolution
		HideSolutionNode = FALSE
	EndGlobalSection
	GlobalSection(ExtensibilityGlobals) = postSolution
		SolutionGuid = {ACFDE4B8-073C-44C5-AAA1-1462D89D389B}
	EndGlobalSection
EndGlobal
